
Microsoft Visual Studio Solution File, Format Version 12.00
# Visual Studio Version 17
VisualStudioVersion = 17.1.32421.90
MinimumVisualStudioVersion = 10.0.40219.1
Project("{8BC9CEB8-8B4A-11D0-8D11-00A0C91BC942}") = "SK-Lib-cstdlib-atoll-Bagian3__CPP", "SK-Lib-cstdlib-atoll-Bagian3__CPP\SK-Lib-cstdlib-atoll-Bagian3__CPP.vcxproj", "{7E5D8422-57B6-4D74-9E56-6C153F638939}"
EndProject
Global
	GlobalSection(SolutionConfigurationPlatforms) = preSolution
		Debug|x64 = Debug|x64
		Debug|x86 = Debug|x86
		Release|x64 = Release|x64
		Release|x86 = Release|x86
	EndGlobalSection
	GlobalSection(ProjectConfigurationPlatforms) = postSolution
		{7E5D8422-57B6-4D74-9E56-6C153F638939}.Debug|x64.ActiveCfg = Debug|x64
		{7E5D8422-57B6-4D74-9E56-6C153F638939}.Debug|x64.Build.0 = Debug|x64
		{7E5D8422-57B6-4D74-9E56-6C153F638939}.Debug|x86.ActiveCfg = Debug|Win32
		{7E5D8422-57B6-4D74-9E56-6C153F638939}.Debug|x86.Build.0 = Debug|Win32
		{7E5D8422-57B6-4D74-9E56-6C153F638939}.Release|x64.ActiveCfg = Release|x64
		{7E5D8422-57B6-4D74-9E56-6C153F638939}.Release|x64.Build.0 = Release|x64
		{7E5D8422-57B6-4D74-9E56-6C153F638939}.Release|x86.ActiveCfg = Release|Win32
		{7E5D8422-57B6-4D74-9E56-6C153F638939}.Release|x86.Build.0 = Release|Win32
	EndGlobalSection
	GlobalSection(SolutionProperties) = preSolution
		HideSolutionNode = FALSE
	EndGlobalSection
	GlobalSection(ExtensibilityGlobals) = postSolution
		SolutionGuid = {18A1A0C4-8079-4F0F-9C2B-737A3FA12D2B}
	EndGlobalSection
EndGlobal
